
Microsoft Visual Studio Solution File, Format Version 12.00
# Visual Studio Version 17
VisualStudioVersion = 17.6.33723.286
MinimumVisualStudioVersion = 10.0.40219.1
Project("{9A19103F-16F7-4668-BE54-9A1E7A4F7556}") = "Advent day1", "Advent\Advent day1.csproj", "{D045B331-ECA0-485F-B317-41D6DD54E79B}"
EndProject
Project("{9A19103F-16F7-4668-BE54-9A1E7A4F7556}") = "Day2", "Day2\Day2.csproj", "{001A2190-4441-41FA-BFF4-CD7C681D7E59}"
EndProject
Project("{FAE04EC0-301F-11D3-BF4B-00C04F79EFBC}") = "Day3", "DayThree\Day3.csproj", "{5E58F0BE-A3B6-49AB-9C9F-D13E1B9117D4}"
EndProject
Project("{FAE04EC0-301F-11D3-BF4B-00C04F79EFBC}") = "Day4", "Day4\Day4.csproj", "{573D16C0-BB88-4E2B-B90A-4565450B9FFD}"
EndProject
Global
	GlobalSection(SolutionConfigurationPlatforms) = preSolution
		Debug|Any CPU = Debug|Any CPU
		Release|Any CPU = Release|Any CPU
	EndGlobalSection
	GlobalSection(ProjectConfigurationPlatforms) = postSolution
		{D045B331-ECA0-485F-B317-41D6DD54E79B}.Debug|Any CPU.ActiveCfg = Debug|Any CPU
		{D045B331-ECA0-485F-B317-41D6DD54E79B}.Debug|Any CPU.Build.0 = Debug|Any CPU
		{D045B331-ECA0-485F-B317-41D6DD54E79B}.Release|Any CPU.ActiveCfg = Release|Any CPU
		{D045B331-ECA0-485F-B317-41D6DD54E79B}.Release|Any CPU.Build.0 = Release|Any CPU
		{001A2190-4441-41FA-BFF4-CD7C681D7E59}.Debug|Any CPU.ActiveCfg = Debug|Any CPU
		{001A2190-4441-41FA-BFF4-CD7C681D7E59}.Debug|Any CPU.Build.0 = Debug|Any CPU
		{001A2190-4441-41FA-BFF4-CD7C681D7E59}.Release|Any CPU.ActiveCfg = Release|Any CPU
		{001A2190-4441-41FA-BFF4-CD7C681D7E59}.Release|Any CPU.Build.0 = Release|Any CPU
		{5E58F0BE-A3B6-49AB-9C9F-D13E1B9117D4}.Debug|Any CPU.ActiveCfg = Debug|Any CPU
		{5E58F0BE-A3B6-49AB-9C9F-D13E1B9117D4}.Debug|Any CPU.Build.0 = Debug|Any CPU
		{5E58F0BE-A3B6-49AB-9C9F-D13E1B9117D4}.Release|Any CPU.ActiveCfg = Release|Any CPU
		{5E58F0BE-A3B6-49AB-9C9F-D13E1B9117D4}.Release|Any CPU.Build.0 = Release|Any CPU
		{573D16C0-BB88-4E2B-B90A-4565450B9FFD}.Debug|Any CPU.ActiveCfg = Debug|Any CPU
		{573D16C0-BB88-4E2B-B90A-4565450B9FFD}.Debug|Any CPU.Build.0 = Debug|Any CPU
		{573D16C0-BB88-4E2B-B90A-4565450B9FFD}.Release|Any CPU.ActiveCfg = Release|Any CPU
		{573D16C0-BB88-4E2B-B90A-4565450B9FFD}.Release|Any CPU.Build.0 = Release|Any CPU
	EndGlobalSection
	GlobalSection(SolutionProperties) = preSolution
		HideSolutionNode = FALSE
	EndGlobalSection
	GlobalSection(ExtensibilityGlobals) = postSolution
		SolutionGuid = {46DAEA20-7350-4A62-B84C-53D74B16AFBB}
	EndGlobalSection
EndGlobal
